
Microsoft Visual Studio Solution File, Format Version 12.00
# Visual Studio Version 17
VisualStudioVersion = 17.4.33403.182
MinimumVisualStudioVersion = 10.0.40219.1
Project("{FAE04EC0-301F-11D3-BF4B-00C04F79EFBC}") = "lesson_5", "lesson_5\lesson_5.csproj", "{23BE7F23-4497-4DEC-BE11-803D7F13ECC3}"
EndProject
Global
	GlobalSection(SolutionConfigurationPlatforms) = preSolution
		Debug|Any CPU = Debug|Any CPU
		Release|Any CPU = Release|Any CPU
	EndGlobalSection
	GlobalSection(ProjectConfigurationPlatforms) = postSolution
		{23BE7F23-4497-4DEC-BE11-803D7F13ECC3}.Debug|Any CPU.ActiveCfg = Debug|Any CPU
		{23BE7F23-4497-4DEC-BE11-803D7F13ECC3}.Debug|Any CPU.Build.0 = Debug|Any CPU
		{23BE7F23-4497-4DEC-BE11-803D7F13ECC3}.Release|Any CPU.ActiveCfg = Release|Any CPU
		{23BE7F23-4497-4DEC-BE11-803D7F13ECC3}.Release|Any CPU.Build.0 = Release|Any CPU
	EndGlobalSection
	GlobalSection(SolutionProperties) = preSolution
		HideSolutionNode = FALSE
	EndGlobalSection
	GlobalSection(ExtensibilityGlobals) = postSolution
		SolutionGuid = {19725ACF-EDFE-4116-89CD-D64373E7B099}
	EndGlobalSection
EndGlobal
